// !$*UTF8*$!
{
	archiveVersion = 1;
	classes = {
	};
	objectVersion = 56;
	objects = {

/* Begin PBXBuildFile section */
		87CF23D02B1DC58800821467 /* SwiftUI_Toast_DemoApp.swift in Sources */ = {isa = PBXBuildFile; fileRef = 87CF23CF2B1DC58800821467 /* SwiftUI_Toast_DemoApp.swift */; };
		87CF23D22B1DC58800821467 /* ContentView.swift in Sources */ = {isa = PBXBuildFile; fileRef = 87CF23D12B1DC58800821467 /* ContentView.swift */; };
		87CF23D42B1DC58900821467 /* Assets.xcassets in Resources */ = {isa = PBXBuildFile; fileRef = 87CF23D32B1DC58900821467 /* Assets.xcassets */; };
		87CF23D72B1DC58900821467 /* Preview Assets.xcassets in Resources */ = {isa = PBXBuildFile; fileRef = 87CF23D62B1DC58900821467 /* Preview Assets.xcassets */; };
		87CF23DE2B1DCCDA00821467 /* ToastViewModifier.swift in Sources */ = {isa = PBXBuildFile; fileRef = 87CF23DD2B1DCCDA00821467 /* ToastViewModifier.swift */; };
		87CF23E02B1DCD8F00821467 /* ToastView.swift in Sources */ = {isa = PBXBuildFile; fileRef = 87CF23DF2B1DCD8F00821467 /* ToastView.swift */; };
		87CF23E22B1DD40500821467 /* Environment.swift in Sources */ = {isa = PBXBuildFile; fileRef = 87CF23E12B1DD40500821467 /* Environment.swift */; };
		D9DC51D22C26FE22009A96F6 /* Lottie in Frameworks */ = {isa = PBXBuildFile; productRef = D9DC51D12C26FE22009A96F6 /* Lottie */; };
		D9DC51D42C26FF0C009A96F6 /* testLottie.json in Resources */ = {isa = PBXBuildFile; fileRef = D9DC51D32C26FF0C009A96F6 /* testLottie.json */; };
		D9DC51E92C28320A009A96F6 /* Pretendard-ExtraBold.otf in Resources */ = {isa = PBXBuildFile; fileRef = D9DC51D62C283208009A96F6 /* Pretendard-ExtraBold.otf */; };
		D9DC51EA2C28320A009A96F6 /* Pretendard-ExtraLight.otf in Resources */ = {isa = PBXBuildFile; fileRef = D9DC51D72C283209009A96F6 /* Pretendard-ExtraLight.otf */; };
		D9DC51EB2C28320A009A96F6 /* Pretendard-Medium.ttf in Resources */ = {isa = PBXBuildFile; fileRef = D9DC51D92C283209009A96F6 /* Pretendard-Medium.ttf */; };
		D9DC51EC2C28320A009A96F6 /* Pretendard-Black.ttf in Resources */ = {isa = PBXBuildFile; fileRef = D9DC51DA2C283209009A96F6 /* Pretendard-Black.ttf */; };
		D9DC51ED2C28320A009A96F6 /* Pretendard-Regular.ttf in Resources */ = {isa = PBXBuildFile; fileRef = D9DC51DB2C283209009A96F6 /* Pretendard-Regular.ttf */; };
		D9DC51EE2C28320A009A96F6 /* Pretendard-Thin.ttf in Resources */ = {isa = PBXBuildFile; fileRef = D9DC51DC2C283209009A96F6 /* Pretendard-Thin.ttf */; };
		D9DC51EF2C28320A009A96F6 /* Pretendard-ExtraLight.ttf in Resources */ = {isa = PBXBuildFile; fileRef = D9DC51DD2C283209009A96F6 /* Pretendard-ExtraLight.ttf */; };
		D9DC51F02C28320A009A96F6 /* Pretendard-SemiBold.ttf in Resources */ = {isa = PBXBuildFile; fileRef = D9DC51DE2C283209009A96F6 /* Pretendard-SemiBold.ttf */; };
		D9DC51F12C28320A009A96F6 /* Pretendard-ExtraBold.ttf in Resources */ = {isa = PBXBuildFile; fileRef = D9DC51DF2C283209009A96F6 /* Pretendard-ExtraBold.ttf */; };
		D9DC51F22C28320A009A96F6 /* Pretendard-Bold.ttf in Resources */ = {isa = PBXBuildFile; fileRef = D9DC51E02C283209009A96F6 /* Pretendard-Bold.ttf */; };
		D9DC51F32C28320A009A96F6 /* Pretendard-Light.ttf in Resources */ = {isa = PBXBuildFile; fileRef = D9DC51E12C283209009A96F6 /* Pretendard-Light.ttf */; };
		D9DC51F42C28320A009A96F6 /* Pretendard-Light.otf in Resources */ = {isa = PBXBuildFile; fileRef = D9DC51E22C283209009A96F6 /* Pretendard-Light.otf */; };
		D9DC51F52C28320A009A96F6 /* Pretendard-Black.otf in Resources */ = {isa = PBXBuildFile; fileRef = D9DC51E32C283209009A96F6 /* Pretendard-Black.otf */; };
		D9DC51F62C28320A009A96F6 /* Pretendard-Medium.otf in Resources */ = {isa = PBXBuildFile; fileRef = D9DC51E42C283209009A96F6 /* Pretendard-Medium.otf */; };
		D9DC51F72C28320A009A96F6 /* Pretendard-Bold.otf in Resources */ = {isa = PBXBuildFile; fileRef = D9DC51E52C283209009A96F6 /* Pretendard-Bold.otf */; };
		D9DC51F82C28320A009A96F6 /* Pretendard-Regular.otf in Resources */ = {isa = PBXBuildFile; fileRef = D9DC51E62C283209009A96F6 /* Pretendard-Regular.otf */; };
		D9DC51F92C28320A009A96F6 /* Pretendard-SemiBold.otf in Resources */ = {isa = PBXBuildFile; fileRef = D9DC51E72C28320A009A96F6 /* Pretendard-SemiBold.otf */; };
		D9DC51FA2C28320A009A96F6 /* Pretendard-Thin.otf in Resources */ = {isa = PBXBuildFile; fileRef = D9DC51E82C28320A009A96F6 /* Pretendard-Thin.otf */; };
		D9DC52012C29AA62009A96F6 /* TestView.swift in Sources */ = {isa = PBXBuildFile; fileRef = D9DC52002C29AA62009A96F6 /* TestView.swift */; };
/* End PBXBuildFile section */

/* Begin PBXFileReference section */
		87CF23CC2B1DC58800821467 /* SwiftUI Toast Demo.app */ = {isa = PBXFileReference; explicitFileType = wrapper.application; includeInIndex = 0; path = "SwiftUI Toast Demo.app"; sourceTree = BUILT_PRODUCTS_DIR; };
		87CF23CF2B1DC58800821467 /* SwiftUI_Toast_DemoApp.swift */ = {isa = PBXFileReference; lastKnownFileType = sourcecode.swift; path = SwiftUI_Toast_DemoApp.swift; sourceTree = "<group>"; };
		87CF23D12B1DC58800821467 /* ContentView.swift */ = {isa = PBXFileReference; lastKnownFileType = sourcecode.swift; path = ContentView.swift; sourceTree = "<group>"; };
		87CF23D32B1DC58900821467 /* Assets.xcassets */ = {isa = PBXFileReference; lastKnownFileType = folder.assetcatalog; path = Assets.xcassets; sourceTree = "<group>"; };
		87CF23D62B1DC58900821467 /* Preview Assets.xcassets */ = {isa = PBXFileReference; lastKnownFileType = folder.assetcatalog; path = "Preview Assets.xcassets"; sourceTree = "<group>"; };
		87CF23DD2B1DCCDA00821467 /* ToastViewModifier.swift */ = {isa = PBXFileReference; lastKnownFileType = sourcecode.swift; path = ToastViewModifier.swift; sourceTree = "<group>"; };
		87CF23DF2B1DCD8F00821467 /* ToastView.swift */ = {isa = PBXFileReference; lastKnownFileType = sourcecode.swift; path = ToastView.swift; sourceTree = "<group>"; };
		87CF23E12B1DD40500821467 /* Environment.swift */ = {isa = PBXFileReference; lastKnownFileType = sourcecode.swift; path = Environment.swift; sourceTree = "<group>"; };
		D9DC51D32C26FF0C009A96F6 /* testLottie.json */ = {isa = PBXFileReference; fileEncoding = 4; lastKnownFileType = text.json; path = testLottie.json; sourceTree = "<group>"; };
		D9DC51D62C283208009A96F6 /* Pretendard-ExtraBold.otf */ = {isa = PBXFileReference; lastKnownFileType = file; path = "Pretendard-ExtraBold.otf"; sourceTree = "<group>"; };
		D9DC51D72C283209009A96F6 /* Pretendard-ExtraLight.otf */ = {isa = PBXFileReference; lastKnownFileType = file; path = "Pretendard-ExtraLight.otf"; sourceTree = "<group>"; };
		D9DC51D92C283209009A96F6 /* Pretendard-Medium.ttf */ = {isa = PBXFileReference; lastKnownFileType = file; path = "Pretendard-Medium.ttf"; sourceTree = "<group>"; };
		D9DC51DA2C283209009A96F6 /* Pretendard-Black.ttf */ = {isa = PBXFileReference; lastKnownFileType = file; path = "Pretendard-Black.ttf"; sourceTree = "<group>"; };
		D9DC51DB2C283209009A96F6 /* Pretendard-Regular.ttf */ = {isa = PBXFileReference; lastKnownFileType = file; path = "Pretendard-Regular.ttf"; sourceTree = "<group>"; };
		D9DC51DC2C283209009A96F6 /* Pretendard-Thin.ttf */ = {isa = PBXFileReference; lastKnownFileType = file; path = "Pretendard-Thin.ttf"; sourceTree = "<group>"; };
		D9DC51DD2C283209009A96F6 /* Pretendard-ExtraLight.ttf */ = {isa = PBXFileReference; lastKnownFileType = file; path = "Pretendard-ExtraLight.ttf"; sourceTree = "<group>"; };
		D9DC51DE2C283209009A96F6 /* Pretendard-SemiBold.ttf */ = {isa = PBXFileReference; lastKnownFileType = file; path = "Pretendard-SemiBold.ttf"; sourceTree = "<group>"; };
		D9DC51DF2C283209009A96F6 /* Pretendard-ExtraBold.ttf */ = {isa = PBXFileReference; lastKnownFileType = file; path = "Pretendard-ExtraBold.ttf"; sourceTree = "<group>"; };
		D9DC51E02C283209009A96F6 /* Pretendard-Bold.ttf */ = {isa = PBXFileReference; lastKnownFileType = file; path = "Pretendard-Bold.ttf"; sourceTree = "<group>"; };
		D9DC51E12C283209009A96F6 /* Pretendard-Light.ttf */ = {isa = PBXFileReference; lastKnownFileType = file; path = "Pretendard-Light.ttf"; sourceTree = "<group>"; };
		D9DC51E22C283209009A96F6 /* Pretendard-Light.otf */ = {isa = PBXFileReference; lastKnownFileType = file; path = "Pretendard-Light.otf"; sourceTree = "<group>"; };
		D9DC51E32C283209009A96F6 /* Pretendard-Black.otf */ = {isa = PBXFileReference; lastKnownFileType = file; path = "Pretendard-Black.otf"; sourceTree = "<group>"; };
		D9DC51E42C283209009A96F6 /* Pretendard-Medium.otf */ = {isa = PBXFileReference; lastKnownFileType = file; path = "Pretendard-Medium.otf"; sourceTree = "<group>"; };
		D9DC51E52C283209009A96F6 /* Pretendard-Bold.otf */ = {isa = PBXFileReference; lastKnownFileType = file; path = "Pretendard-Bold.otf"; sourceTree = "<group>"; };
		D9DC51E62C283209009A96F6 /* Pretendard-Regular.otf */ = {isa = PBXFileReference; lastKnownFileType = file; path = "Pretendard-Regular.otf"; sourceTree = "<group>"; };
		D9DC51E72C28320A009A96F6 /* Pretendard-SemiBold.otf */ = {isa = PBXFileReference; lastKnownFileType = file; path = "Pretendard-SemiBold.otf"; sourceTree = "<group>"; };
		D9DC51E82C28320A009A96F6 /* Pretendard-Thin.otf */ = {isa = PBXFileReference; lastKnownFileType = file; path = "Pretendard-Thin.otf"; sourceTree = "<group>"; };
		D9DC51FB2C28324D009A96F6 /* SwiftUI-Toast-Demo-Info.plist */ = {isa = PBXFileReference; lastKnownFileType = text.plist; path = "SwiftUI-Toast-Demo-Info.plist"; sourceTree = SOURCE_ROOT; };
		D9DC52002C29AA62009A96F6 /* TestView.swift */ = {isa = PBXFileReference; lastKnownFileType = sourcecode.swift; path = TestView.swift; sourceTree = "<group>"; };
/* End PBXFileReference section */

/* Begin PBXFrameworksBuildPhase section */
		87CF23C92B1DC58800821467 /* Frameworks */ = {
			isa = PBXFrameworksBuildPhase;
			buildActionMask = 2147483647;
			files = (
				D9DC51D22C26FE22009A96F6 /* Lottie in Frameworks */,
			);
			runOnlyForDeploymentPostprocessing = 0;
		};
/* End PBXFrameworksBuildPhase section */

/* Begin PBXGroup section */
		87CF23C32B1DC58800821467 = {
			isa = PBXGroup;
			children = (
				87CF23CE2B1DC58800821467 /* SwiftUI Toast Demo */,
				87CF23CD2B1DC58800821467 /* Products */,
			);
			sourceTree = "<group>";
		};
		87CF23CD2B1DC58800821467 /* Products */ = {
			isa = PBXGroup;
			children = (
				87CF23CC2B1DC58800821467 /* SwiftUI Toast Demo.app */,
			);
			name = Products;
			sourceTree = "<group>";
		};
		87CF23CE2B1DC58800821467 /* SwiftUI Toast Demo */ = {
			isa = PBXGroup;
			children = (
				D9DC51FB2C28324D009A96F6 /* SwiftUI-Toast-Demo-Info.plist */,
				87CF23CF2B1DC58800821467 /* SwiftUI_Toast_DemoApp.swift */,
				87CF23D12B1DC58800821467 /* ContentView.swift */,
				87CF23D32B1DC58900821467 /* Assets.xcassets */,
				87CF23D52B1DC58900821467 /* Preview Content */,
				87CF23DD2B1DCCDA00821467 /* ToastViewModifier.swift */,
				87CF23DF2B1DCD8F00821467 /* ToastView.swift */,
				D9DC52002C29AA62009A96F6 /* TestView.swift */,
				D9DC51D52C2831FC009A96F6 /* Font */,
				87CF23E12B1DD40500821467 /* Environment.swift */,
				D9DC51D32C26FF0C009A96F6 /* testLottie.json */,
			);
			path = "SwiftUI Toast Demo";
			sourceTree = "<group>";
		};
		87CF23D52B1DC58900821467 /* Preview Content */ = {
			isa = PBXGroup;
			children = (
				87CF23D62B1DC58900821467 /* Preview Assets.xcassets */,
			);
			path = "Preview Content";
			sourceTree = "<group>";
		};
		D9DC51D52C2831FC009A96F6 /* Font */ = {
			isa = PBXGroup;
			children = (
				D9DC51D82C283209009A96F6 /* alternative */,
				D9DC51E32C283209009A96F6 /* Pretendard-Black.otf */,
				D9DC51E52C283209009A96F6 /* Pretendard-Bold.otf */,
				D9DC51D62C283208009A96F6 /* Pretendard-ExtraBold.otf */,
				D9DC51D72C283209009A96F6 /* Pretendard-ExtraLight.otf */,
				D9DC51E22C283209009A96F6 /* Pretendard-Light.otf */,
				D9DC51E42C283209009A96F6 /* Pretendard-Medium.otf */,
				D9DC51E62C283209009A96F6 /* Pretendard-Regular.otf */,
				D9DC51E72C28320A009A96F6 /* Pretendard-SemiBold.otf */,
				D9DC51E82C28320A009A96F6 /* Pretendard-Thin.otf */,
			);
			path = Font;
			sourceTree = "<group>";
		};
		D9DC51D82C283209009A96F6 /* alternative */ = {
			isa = PBXGroup;
			children = (
				D9DC51D92C283209009A96F6 /* Pretendard-Medium.ttf */,
				D9DC51DA2C283209009A96F6 /* Pretendard-Black.ttf */,
				D9DC51DB2C283209009A96F6 /* Pretendard-Regular.ttf */,
				D9DC51DC2C283209009A96F6 /* Pretendard-Thin.ttf */,
				D9DC51DD2C283209009A96F6 /* Pretendard-ExtraLight.ttf */,
				D9DC51DE2C283209009A96F6 /* Pretendard-SemiBold.ttf */,
				D9DC51DF2C283209009A96F6 /* Pretendard-ExtraBold.ttf */,
				D9DC51E02C283209009A96F6 /* Pretendard-Bold.ttf */,
				D9DC51E12C283209009A96F6 /* Pretendard-Light.ttf */,
			);
			path = alternative;
			sourceTree = "<group>";
		};
/* End PBXGroup section */

/* Begin PBXNativeTarget section */
		87CF23CB2B1DC58800821467 /* SwiftUI Toast Demo */ = {
			isa = PBXNativeTarget;
			buildConfigurationList = 87CF23DA2B1DC58900821467 /* Build configuration list for PBXNativeTarget "SwiftUI Toast Demo" */;
			buildPhases = (
				87CF23C82B1DC58800821467 /* Sources */,
				87CF23C92B1DC58800821467 /* Frameworks */,
				87CF23CA2B1DC58800821467 /* Resources */,
			);
			buildRules = (
			);
			dependencies = (
			);
			name = "SwiftUI Toast Demo";
			packageProductDependencies = (
				D9DC51D12C26FE22009A96F6 /* Lottie */,
			);
			productName = "SwiftUI Toast Demo";
			productReference = 87CF23CC2B1DC58800821467 /* SwiftUI Toast Demo.app */;
			productType = "com.apple.product-type.application";
		};
/* End PBXNativeTarget section */

/* Begin PBXProject section */
		87CF23C42B1DC58800821467 /* Project object */ = {
			isa = PBXProject;
			attributes = {
				BuildIndependentTargetsInParallel = 1;
				LastSwiftUpdateCheck = 1500;
				LastUpgradeCheck = 1500;
				TargetAttributes = {
					87CF23CB2B1DC58800821467 = {
						CreatedOnToolsVersion = 15.0;
					};
				};
			};
			buildConfigurationList = 87CF23C72B1DC58800821467 /* Build configuration list for PBXProject "SwiftUI Toast Demo" */;
			compatibilityVersion = "Xcode 14.0";
			developmentRegion = en;
			hasScannedForEncodings = 0;
			knownRegions = (
				en,
				Base,
			);
			mainGroup = 87CF23C32B1DC58800821467;
			packageReferences = (
				D9DC51D02C26FE22009A96F6 /* XCRemoteSwiftPackageReference "lottie-ios" */,
			);
			productRefGroup = 87CF23CD2B1DC58800821467 /* Products */;
			projectDirPath = "";
			projectRoot = "";
			targets = (
				87CF23CB2B1DC58800821467 /* SwiftUI Toast Demo */,
			);
		};
/* End PBXProject section */

/* Begin PBXResourcesBuildPhase section */
		87CF23CA2B1DC58800821467 /* Resources */ = {
			isa = PBXResourcesBuildPhase;
			buildActionMask = 2147483647;
			files = (
				D9DC51F82C28320A009A96F6 /* Pretendard-Regular.otf in Resources */,
				D9DC51EE2C28320A009A96F6 /* Pretendard-Thin.ttf in Resources */,
				D9DC51EC2C28320A009A96F6 /* Pretendard-Black.ttf in Resources */,
				87CF23D72B1DC58900821467 /* Preview Assets.xcassets in Resources */,
				D9DC51F62C28320A009A96F6 /* Pretendard-Medium.otf in Resources */,
				D9DC51F12C28320A009A96F6 /* Pretendard-ExtraBold.ttf in Resources */,
				D9DC51ED2C28320A009A96F6 /* Pretendard-Regular.ttf in Resources */,
				D9DC51F92C28320A009A96F6 /* Pretendard-SemiBold.otf in Resources */,
				D9DC51D42C26FF0C009A96F6 /* testLottie.json in Resources */,
				D9DC51FA2C28320A009A96F6 /* Pretendard-Thin.otf in Resources */,
				D9DC51F72C28320A009A96F6 /* Pretendard-Bold.otf in Resources */,
				D9DC51F32C28320A009A96F6 /* Pretendard-Light.ttf in Resources */,
				D9DC51F02C28320A009A96F6 /* Pretendard-SemiBold.ttf in Resources */,
				D9DC51F42C28320A009A96F6 /* Pretendard-Light.otf in Resources */,
				D9DC51F22C28320A009A96F6 /* Pretendard-Bold.ttf in Resources */,
				D9DC51EB2C28320A009A96F6 /* Pretendard-Medium.ttf in Resources */,
				D9DC51EA2C28320A009A96F6 /* Pretendard-ExtraLight.otf in Resources */,
				D9DC51EF2C28320A009A96F6 /* Pretendard-ExtraLight.ttf in Resources */,
				D9DC51E92C28320A009A96F6 /* Pretendard-ExtraBold.otf in Resources */,
				D9DC51F52C28320A009A96F6 /* Pretendard-Black.otf in Resources */,
				87CF23D42B1DC58900821467 /* Assets.xcassets in Resources */,
			);
			runOnlyForDeploymentPostprocessing = 0;
		};
/* End PBXResourcesBuildPhase section */

/* Begin PBXSourcesBuildPhase section */
		87CF23C82B1DC58800821467 /* Sources */ = {
			isa = PBXSourcesBuildPhase;
			buildActionMask = 2147483647;
			files = (
				D9DC52012C29AA62009A96F6 /* TestView.swift in Sources */,
				87CF23E02B1DCD8F00821467 /* ToastView.swift in Sources */,
				87CF23D22B1DC58800821467 /* ContentView.swift in Sources */,
				87CF23D02B1DC58800821467 /* SwiftUI_Toast_DemoApp.swift in Sources */,
				87CF23E22B1DD40500821467 /* Environment.swift in Sources */,
				87CF23DE2B1DCCDA00821467 /* ToastViewModifier.swift in Sources */,
			);
			runOnlyForDeploymentPostprocessing = 0;
		};
/* End PBXSourcesBuildPhase section */

/* Begin XCBuildConfiguration section */
		87CF23D82B1DC58900821467 /* Debug */ = {
			isa = XCBuildConfiguration;
			buildSettings = {
				ALWAYS_SEARCH_USER_PATHS = NO;
				ASSETCATALOG_COMPILER_GENERATE_SWIFT_ASSET_SYMBOL_EXTENSIONS = YES;
				CLANG_ANALYZER_NONNULL = YES;
				CLANG_ANALYZER_NUMBER_OBJECT_CONVERSION = YES_AGGRESSIVE;
				CLANG_CXX_LANGUAGE_STANDARD = "gnu++20";
				CLANG_ENABLE_MODULES = YES;
				CLANG_ENABLE_OBJC_ARC = YES;
				CLANG_ENABLE_OBJC_WEAK = YES;
				CLANG_WARN_BLOCK_CAPTURE_AUTORELEASING = YES;
				CLANG_WARN_BOOL_CONVERSION = YES;
				CLANG_WARN_COMMA = YES;
				CLANG_WARN_CONSTANT_CONVERSION = YES;
				CLANG_WARN_DEPRECATED_OBJC_IMPLEMENTATIONS = YES;
				CLANG_WARN_DIRECT_OBJC_ISA_USAGE = YES_ERROR;
				CLANG_WARN_DOCUMENTATION_COMMENTS = YES;
				CLANG_WARN_EMPTY_BODY = YES;
				CLANG_WARN_ENUM_CONVERSION = YES;
				CLANG_WARN_INFINITE_RECURSION = YES;
				CLANG_WARN_INT_CONVERSION = YES;
				CLANG_WARN_NON_LITERAL_NULL_CONVERSION = YES;
				CLANG_WARN_OBJC_IMPLICIT_RETAIN_SELF = YES;
				CLANG_WARN_OBJC_LITERAL_CONVERSION = YES;
				CLANG_WARN_OBJC_ROOT_CLASS = YES_ERROR;
				CLANG_WARN_QUOTED_INCLUDE_IN_FRAMEWORK_HEADER = YES;
				CLANG_WARN_RANGE_LOOP_ANALYSIS = YES;
				CLANG_WARN_STRICT_PROTOTYPES = YES;
				CLANG_WARN_SUSPICIOUS_MOVE = YES;
				CLANG_WARN_UNGUARDED_AVAILABILITY = YES_AGGRESSIVE;
				CLANG_WARN_UNREACHABLE_CODE = YES;
				CLANG_WARN__DUPLICATE_METHOD_MATCH = YES;
				COPY_PHASE_STRIP = NO;
				DEBUG_INFORMATION_FORMAT = dwarf;
				ENABLE_STRICT_OBJC_MSGSEND = YES;
				ENABLE_TESTABILITY = YES;
				ENABLE_USER_SCRIPT_SANDBOXING = YES;
				GCC_C_LANGUAGE_STANDARD = gnu17;
				GCC_DYNAMIC_NO_PIC = NO;
				GCC_NO_COMMON_BLOCKS = YES;
				GCC_OPTIMIZATION_LEVEL = 0;
				GCC_PREPROCESSOR_DEFINITIONS = (
					"DEBUG=1",
					"$(inherited)",
				);
				GCC_WARN_64_TO_32_BIT_CONVERSION = YES;
				GCC_WARN_ABOUT_RETURN_TYPE = YES_ERROR;
				GCC_WARN_UNDECLARED_SELECTOR = YES;
				GCC_WARN_UNINITIALIZED_AUTOS = YES_AGGRESSIVE;
				GCC_WARN_UNUSED_FUNCTION = YES;
				GCC_WARN_UNUSED_VARIABLE = YES;
				IPHONEOS_DEPLOYMENT_TARGET = 17.0;
				LOCALIZATION_PREFERS_STRING_CATALOGS = YES;
				MTL_ENABLE_DEBUG_INFO = INCLUDE_SOURCE;
				MTL_FAST_MATH = YES;
				ONLY_ACTIVE_ARCH = YES;
				SDKROOT = iphoneos;
				SWIFT_ACTIVE_COMPILATION_CONDITIONS = "DEBUG $(inherited)";
				SWIFT_OPTIMIZATION_LEVEL = "-Onone";
			};
			name = Debug;
		};
		87CF23D92B1DC58900821467 /* Release */ = {
			isa = XCBuildConfiguration;
			buildSettings = {
				ALWAYS_SEARCH_USER_PATHS = NO;
				ASSETCATALOG_COMPILER_GENERATE_SWIFT_ASSET_SYMBOL_EXTENSIONS = YES;
				CLANG_ANALYZER_NONNULL = YES;
				CLANG_ANALYZER_NUMBER_OBJECT_CONVERSION = YES_AGGRESSIVE;
				CLANG_CXX_LANGUAGE_STANDARD = "gnu++20";
				CLANG_ENABLE_MODULES = YES;
				CLANG_ENABLE_OBJC_ARC = YES;
				CLANG_ENABLE_OBJC_WEAK = YES;
				CLANG_WARN_BLOCK_CAPTURE_AUTORELEASING = YES;
				CLANG_WARN_BOOL_CONVERSION = YES;
				CLANG_WARN_COMMA = YES;
				CLANG_WARN_CONSTANT_CONVERSION = YES;
				CLANG_WARN_DEPRECATED_OBJC_IMPLEMENTATIONS = YES;
				CLANG_WARN_DIRECT_OBJC_ISA_USAGE = YES_ERROR;
				CLANG_WARN_DOCUMENTATION_COMMENTS = YES;
				CLANG_WARN_EMPTY_BODY = YES;
				CLANG_WARN_ENUM_CONVERSION = YES;
				CLANG_WARN_INFINITE_RECURSION = YES;
				CLANG_WARN_INT_CONVERSION = YES;
				CLANG_WARN_NON_LITERAL_NULL_CONVERSION = YES;
				CLANG_WARN_OBJC_IMPLICIT_RETAIN_SELF = YES;
				CLANG_WARN_OBJC_LITERAL_CONVERSION = YES;
				CLANG_WARN_OBJC_ROOT_CLASS = YES_ERROR;
				CLANG_WARN_QUOTED_INCLUDE_IN_FRAMEWORK_HEADER = YES;
				CLANG_WARN_RANGE_LOOP_ANALYSIS = YES;
				CLANG_WARN_STRICT_PROTOTYPES = YES;
				CLANG_WARN_SUSPICIOUS_MOVE = YES;
				CLANG_WARN_UNGUARDED_AVAILABILITY = YES_AGGRESSIVE;
				CLANG_WARN_UNREACHABLE_CODE = YES;
				CLANG_WARN__DUPLICATE_METHOD_MATCH = YES;
				COPY_PHASE_STRIP = NO;
				DEBUG_INFORMATION_FORMAT = "dwarf-with-dsym";
				ENABLE_NS_ASSERTIONS = NO;
				ENABLE_STRICT_OBJC_MSGSEND = YES;
				ENABLE_USER_SCRIPT_SANDBOXING = YES;
				GCC_C_LANGUAGE_STANDARD = gnu17;
				GCC_NO_COMMON_BLOCKS = YES;
				GCC_WARN_64_TO_32_BIT_CONVERSION = YES;
				GCC_WARN_ABOUT_RETURN_TYPE = YES_ERROR;
				GCC_WARN_UNDECLARED_SELECTOR = YES;
				GCC_WARN_UNINITIALIZED_AUTOS = YES_AGGRESSIVE;
				GCC_WARN_UNUSED_FUNCTION = YES;
				GCC_WARN_UNUSED_VARIABLE = YES;
				IPHONEOS_DEPLOYMENT_TARGET = 17.0;
				LOCALIZATION_PREFERS_STRING_CATALOGS = YES;
				MTL_ENABLE_DEBUG_INFO = NO;
				MTL_FAST_MATH = YES;
				SDKROOT = iphoneos;
				SWIFT_COMPILATION_MODE = wholemodule;
				VALIDATE_PRODUCT = YES;
			};
			name = Release;
		};
		87CF23DB2B1DC58900821467 /* Debug */ = {
			isa = XCBuildConfiguration;
			buildSettings = {
				ASSETCATALOG_COMPILER_APPICON_NAME = AppIcon;
				ASSETCATALOG_COMPILER_GLOBAL_ACCENT_COLOR_NAME = AccentColor;
				CODE_SIGN_STYLE = Automatic;
				CURRENT_PROJECT_VERSION = 1;
				DEVELOPMENT_ASSET_PATHS = "\"SwiftUI Toast Demo/Preview Content\"";
				DEVELOPMENT_TEAM = 2C96RNDN63;
				ENABLE_PREVIEWS = YES;
				GENERATE_INFOPLIST_FILE = YES;
				INFOPLIST_FILE = "SwiftUI-Toast-Demo-Info.plist";
				INFOPLIST_KEY_UIApplicationSceneManifest_Generation = YES;
				INFOPLIST_KEY_UIApplicationSupportsIndirectInputEvents = YES;
				INFOPLIST_KEY_UILaunchScreen_Generation = YES;
				INFOPLIST_KEY_UISupportedInterfaceOrientations_iPad = "UIInterfaceOrientationPortrait UIInterfaceOrientationPortraitUpsideDown UIInterfaceOrientationLandscapeLeft UIInterfaceOrientationLandscapeRight";
				INFOPLIST_KEY_UISupportedInterfaceOrientations_iPhone = "UIInterfaceOrientationPortrait UIInterfaceOrientationLandscapeLeft UIInterfaceOrientationLandscapeRight";
				LD_RUNPATH_SEARCH_PATHS = (
					"$(inherited)",
					"@executable_path/Frameworks",
				);
				MARKETING_VERSION = 1.0;
				PRODUCT_BUNDLE_IDENTIFIER = "com.minsang.SwiftUI-Toast-Demo";
				PRODUCT_NAME = "$(TARGET_NAME)";
				SWIFT_EMIT_LOC_STRINGS = YES;
				SWIFT_VERSION = 5.0;
				TARGETED_DEVICE_FAMILY = "1,2";
			};
			name = Debug;
		};
		87CF23DC2B1DC58900821467 /* Release */ = {
			isa = XCBuildConfiguration;
			buildSettings = {
				ASSETCATALOG_COMPILER_APPICON_NAME = AppIcon;
				ASSETCATALOG_COMPILER_GLOBAL_ACCENT_COLOR_NAME = AccentColor;
				CODE_SIGN_STYLE = Automatic;
				CURRENT_PROJECT_VERSION = 1;
				DEVELOPMENT_ASSET_PATHS = "\"SwiftUI Toast Demo/Preview Content\"";
				DEVELOPMENT_TEAM = 2C96RNDN63;
				ENABLE_PREVIEWS = YES;
				GENERATE_INFOPLIST_FILE = YES;
				INFOPLIST_FILE = "SwiftUI-Toast-Demo-Info.plist";
				INFOPLIST_KEY_UIApplicationSceneManifest_Generation = YES;
				INFOPLIST_KEY_UIApplicationSupportsIndirectInputEvents = YES;
				INFOPLIST_KEY_UILaunchScreen_Generation = YES;
				INFOPLIST_KEY_UISupportedInterfaceOrientations_iPad = "UIInterfaceOrientationPortrait UIInterfaceOrientationPortraitUpsideDown UIInterfaceOrientationLandscapeLeft UIInterfaceOrientationLandscapeRight";
				INFOPLIST_KEY_UISupportedInterfaceOrientations_iPhone = "UIInterfaceOrientationPortrait UIInterfaceOrientationLandscapeLeft UIInterfaceOrientationLandscapeRight";
				LD_RUNPATH_SEARCH_PATHS = (
					"$(inherited)",
					"@executable_path/Frameworks",
				);
				MARKETING_VERSION = 1.0;
				PRODUCT_BUNDLE_IDENTIFIER = "com.minsang.SwiftUI-Toast-Demo";
				PRODUCT_NAME = "$(TARGET_NAME)";
				SWIFT_EMIT_LOC_STRINGS = YES;
				SWIFT_VERSION = 5.0;
				TARGETED_DEVICE_FAMILY = "1,2";
			};
			name = Release;
		};
/* End XCBuildConfiguration section */

/* Begin XCConfigurationList section */
		87CF23C72B1DC58800821467 /* Build configuration list for PBXProject "SwiftUI Toast Demo" */ = {
			isa = XCConfigurationList;
			buildConfigurations = (
				87CF23D82B1DC58900821467 /* Debug */,
				87CF23D92B1DC58900821467 /* Release */,
			);
			defaultConfigurationIsVisible = 0;
			defaultConfigurationName = Release;
		};
		87CF23DA2B1DC58900821467 /* Build configuration list for PBXNativeTarget "SwiftUI Toast Demo" */ = {
			isa = XCConfigurationList;
			buildConfigurations = (
				87CF23DB2B1DC58900821467 /* Debug */,
				87CF23DC2B1DC58900821467 /* Release */,
			);
			defaultConfigurationIsVisible = 0;
			defaultConfigurationName = Release;
		};
/* End XCConfigurationList section */

/* Begin XCRemoteSwiftPackageReference section */
		D9DC51D02C26FE22009A96F6 /* XCRemoteSwiftPackageReference "lottie-ios" */ = {
			isa = XCRemoteSwiftPackageReference;
			repositoryURL = "https://github.com/airbnb/lottie-ios.git";
			requirement = {
				kind = upToNextMajorVersion;
				minimumVersion = 4.4.3;
			};
		};
/* End XCRemoteSwiftPackageReference section */

/* Begin XCSwiftPackageProductDependency section */
		D9DC51D12C26FE22009A96F6 /* Lottie */ = {
			isa = XCSwiftPackageProductDependency;
			package = D9DC51D02C26FE22009A96F6 /* XCRemoteSwiftPackageReference "lottie-ios" */;
			productName = Lottie;
		};
/* End XCSwiftPackageProductDependency section */
	};
	rootObject = 87CF23C42B1DC58800821467 /* Project object */;
}
